
Microsoft Visual Studio Solution File, Format Version 12.00
# Visual Studio 14
VisualStudioVersion = 14.0.25420.1
MinimumVisualStudioVersion = 10.0.40219.1
Project("{2150E333-8FDC-42A3-9474-1A3956D46DE8}") = "src", "src", "{37B5023B-F2E9-4449-9E53-0B844C07E0CD}"
EndProject
Project("{2150E333-8FDC-42A3-9474-1A3956D46DE8}") = "Solution Items", "Solution Items", "{BEFD58D0-958F-49A8-AA63-07A56BBC82D4}"
	ProjectSection(SolutionItems) = preProject
		global.json = global.json
	EndProjectSection
EndProject
Project("{8BB2217D-0F2D-49D1-97BC-3654ED321F3B}") = "FaceSwitcher", "src\FaceSwitcher\FaceSwitcher.xproj", "{CB3C92A5-895B-486F-9555-4E1BA0A53030}"
EndProject
Project("{8BB2217D-0F2D-49D1-97BC-3654ED321F3B}") = "FaceSwitcher.Detector", "src\FaceSwitcher.Detector\FaceSwitcher.Detector.xproj", "{98E6AAFE-5056-411D-91A7-51E1A0D8E8DA}"
EndProject
Project("{8BB2217D-0F2D-49D1-97BC-3654ED321F3B}") = "FaceSwitcher.Models", "src\FaceSwitcher.Models\FaceSwitcher.Models.xproj", "{C18926FD-12DB-4398-B6B3-F9E91DE954F4}"
EndProject
Global
	GlobalSection(SolutionConfigurationPlatforms) = preSolution
		Debug|Any CPU = Debug|Any CPU
		Release|Any CPU = Release|Any CPU
	EndGlobalSection
	GlobalSection(ProjectConfigurationPlatforms) = postSolution
		{CB3C92A5-895B-486F-9555-4E1BA0A53030}.Debug|Any CPU.ActiveCfg = Debug|Any CPU
		{CB3C92A5-895B-486F-9555-4E1BA0A53030}.Debug|Any CPU.Build.0 = Debug|Any CPU
		{CB3C92A5-895B-486F-9555-4E1BA0A53030}.Release|Any CPU.ActiveCfg = Release|Any CPU
		{CB3C92A5-895B-486F-9555-4E1BA0A53030}.Release|Any CPU.Build.0 = Release|Any CPU
		{98E6AAFE-5056-411D-91A7-51E1A0D8E8DA}.Debug|Any CPU.ActiveCfg = Debug|Any CPU
		{98E6AAFE-5056-411D-91A7-51E1A0D8E8DA}.Debug|Any CPU.Build.0 = Debug|Any CPU
		{98E6AAFE-5056-411D-91A7-51E1A0D8E8DA}.Release|Any CPU.ActiveCfg = Release|Any CPU
		{98E6AAFE-5056-411D-91A7-51E1A0D8E8DA}.Release|Any CPU.Build.0 = Release|Any CPU
		{C18926FD-12DB-4398-B6B3-F9E91DE954F4}.Debug|Any CPU.ActiveCfg = Debug|Any CPU
		{C18926FD-12DB-4398-B6B3-F9E91DE954F4}.Debug|Any CPU.Build.0 = Debug|Any CPU
		{C18926FD-12DB-4398-B6B3-F9E91DE954F4}.Release|Any CPU.ActiveCfg = Release|Any CPU
		{C18926FD-12DB-4398-B6B3-F9E91DE954F4}.Release|Any CPU.Build.0 = Release|Any CPU
	EndGlobalSection
	GlobalSection(SolutionProperties) = preSolution
		HideSolutionNode = FALSE
	EndGlobalSection
	GlobalSection(NestedProjects) = preSolution
		{CB3C92A5-895B-486F-9555-4E1BA0A53030} = {37B5023B-F2E9-4449-9E53-0B844C07E0CD}
		{98E6AAFE-5056-411D-91A7-51E1A0D8E8DA} = {37B5023B-F2E9-4449-9E53-0B844C07E0CD}
		{C18926FD-12DB-4398-B6B3-F9E91DE954F4} = {37B5023B-F2E9-4449-9E53-0B844C07E0CD}
	EndGlobalSection
EndGlobal
